// !$*UTF8*$!
{
	archiveVersion = 1;
	classes = {
	};
	objectVersion = 77;
	objects = {

/* Begin PBXBuildFile section */
		02D3B5CB514E83F202FCF801 /* NewAccountView.swift in Sources */ = {isa = PBXBuildFile; fileRef = 33A33BB9BDC1959B6580927C /* NewAccountView.swift */; };
		038F7CD243E857170660F8CB /* MainTabView.swift in Sources */ = {isa = PBXBuildFile; fileRef = 14AE2F220E680D0CE0A5810E /* MainTabView.swift */; };
		13FCAE87ED7268E63190039B /* QRScannerView.swift in Sources */ = {isa = PBXBuildFile; fileRef = 9AC5E72995147ED8AD25E532 /* QRScannerView.swift */; };
		1616C239BA7C0A5010AA5637 /* LogViewerView.swift in Sources */ = {isa = PBXBuildFile; fileRef = 9C977CCCEBCC89682DA83AC6 /* LogViewerView.swift */; };
		1626F0227BC811D82FDAE1E4 /* CutCornerRectangle.swift in Sources */ = {isa = PBXBuildFile; fileRef = 24C15E1F4F21C7EF28ABF416 /* CutCornerRectangle.swift */; };
		1730155BC6BF8EFB66BF49D1 /* AccountAvatar.swift in Sources */ = {isa = PBXBuildFile; fileRef = D0B344D75428AFD0B731E724 /* AccountAvatar.swift */; };
		1978B11DD8685ACFA49F9E7A /* NotificationPresenter.swift in Sources */ = {isa = PBXBuildFile; fileRef = AA8617C28764494BD378CE66 /* NotificationPresenter.swift */; };
		1D2BDEE0FB41FAED5BAB86A8 /* Hexagon.swift in Sources */ = {isa = PBXBuildFile; fileRef = 9289256BE2B6AF2378B1D78D /* Hexagon.swift */; };
		1D538E2F9FC8D964B7923C3D /* InviteLinkEntryView.swift in Sources */ = {isa = PBXBuildFile; fileRef = 59A82BC1AF50974F0759EC90 /* InviteLinkEntryView.swift */; };
		206951171CA6EE320DB6DC5D /* NameGroupView.swift in Sources */ = {isa = PBXBuildFile; fileRef = 4D15DEB5760B0263F833A50A /* NameGroupView.swift */; };
		20F6033A948AC335C87AA56C /* GroupDetailView.swift in Sources */ = {isa = PBXBuildFile; fileRef = 6CBDD6DD18CF753D1B3E75B6 /* GroupDetailView.swift */; };
		25BD1E1E253DCEBC39F160D4 /* DevServerActnetService.swift in Sources */ = {isa = PBXBuildFile; fileRef = 661A952A0D325A00D0F054E9 /* DevServerActnetService.swift */; };
		262245F8209C5FCBAC83E9E3 /* Assets.xcassets in Resources */ = {isa = PBXBuildFile; fileRef = 6A58CC23E0AF8302F283FC87 /* Assets.xcassets */; };
		26EE636C4263EE4CDEFD7A2D /* MessageBubble.swift in Sources */ = {isa = PBXBuildFile; fileRef = 1EA623B7C828F045A2E6E5C4 /* MessageBubble.swift */; };
		32CE74DAA7C93CB87BEDAD15 /* ProjectInfo.swift in Sources */ = {isa = PBXBuildFile; fileRef = B42EE451B555DFBE024236DB /* ProjectInfo.swift */; };
		334E3786A6BC33EACAA8274F /* OfflineBanner.swift in Sources */ = {isa = PBXBuildFile; fileRef = CA3B34B7A3FF40359D732B62 /* OfflineBanner.swift */; };
		38FF5DFE7DB6B24A1E288616 /* JoiningServerView.swift in Sources */ = {isa = PBXBuildFile; fileRef = 02F784B4794651EB68CB3128 /* JoiningServerView.swift */; };
		3C45CC65E3C39FE080399694 /* SecureEnclaveKeyManager.swift in Sources */ = {isa = PBXBuildFile; fileRef = D3E414B6BFBC7FD68C41B63E /* SecureEnclaveKeyManager.swift */; };
		3E096A5CEAF5136996B05DB3 /* app_core.swift in Sources */ = {isa = PBXBuildFile; fileRef = DADF188CB0F720072C71A2DF /* app_core.swift */; };
		40A41102CF36127A10602343 /* AddAccountView.swift in Sources */ = {isa = PBXBuildFile; fileRef = A516614278B12B45D3E876E6 /* AddAccountView.swift */; };
		453C9CABA749A1A2D5191AC4 /* AppCoreProtocol+Defaults.swift in Sources */ = {isa = PBXBuildFile; fileRef = 8A8F652C3B8F59F3A47CB029 /* AppCoreProtocol+Defaults.swift */; };
		5E07B0FD87D07465DAB28703 /* RecoveryKeyBanner.swift in Sources */ = {isa = PBXBuildFile; fileRef = 8CE6D8359E844CDAC7396157 /* RecoveryKeyBanner.swift */; };
		5E9CE6A936CB3EE5A7D534D1 /* EditHistorySheet.swift in Sources */ = {isa = PBXBuildFile; fileRef = 6C69AF8A0D806372AF28BDA9 /* EditHistorySheet.swift */; };
		638610176DD56586489BAF89 /* ActnetApp.swift in Sources */ = {isa = PBXBuildFile; fileRef = 65A7BC7A36A4F6D36947106A /* ActnetApp.swift */; };
		6C9898720C9563E270D15E23 /* RecoveryExplainerView.swift in Sources */ = {isa = PBXBuildFile; fileRef = 27783892A8D4D88BE570F79C /* RecoveryExplainerView.swift */; };
		766032ADCE0724DBF99B68F5 /* ProjectWebView.swift in Sources */ = {isa = PBXBuildFile; fileRef = B6264C3F09805D88EB5983A6 /* ProjectWebView.swift */; };
		784454627F0BB442850E2F3A /* ContactAvatar.swift in Sources */ = {isa = PBXBuildFile; fileRef = D93902C84CDE9256ABD4CC50 /* ContactAvatar.swift */; };
		7DDC6BBA08823F4AE108F858 /* RecipientTokenField.swift in Sources */ = {isa = PBXBuildFile; fileRef = 7F73DF560719B0774C43444C /* RecipientTokenField.swift */; };
		806102B5C1375970718F64DA /* NetworkView.swift in Sources */ = {isa = PBXBuildFile; fileRef = FDB23D99F22D6A488DD61F19 /* NetworkView.swift */; };
		835054B2BD1DA05A5F04B452 /* Base64URL.swift in Sources */ = {isa = PBXBuildFile; fileRef = 8E8624C86E5A8D3876B5189E /* Base64URL.swift */; };
		8507FF41B757A3F39D78BA55 /* PasskeyExplainerView.swift in Sources */ = {isa = PBXBuildFile; fileRef = DD3B02F10A6C2E1DFFB655B9 /* PasskeyExplainerView.swift */; };
		90A0F6962B637B57B9D02E9F /* Account.swift in Sources */ = {isa = PBXBuildFile; fileRef = ABFC8F1B0A1B4C6564E51983 /* Account.swift */; };
		947A00551C7A5A62A0638A14 /* Conversation.swift in Sources */ = {isa = PBXBuildFile; fileRef = 61ED846E5A712650DB67C893 /* Conversation.swift */; };
		99FD87ED3F4EB328193828FF /* RecoveryConsoleView.swift in Sources */ = {isa = PBXBuildFile; fileRef = C175D8D86EA1A357FB1515A9 /* RecoveryConsoleView.swift */; };
		9A5A0F932631DA4A71A0A632 /* InviteToken.swift in Sources */ = {isa = PBXBuildFile; fileRef = 2D6AA10E40B490772D3A29A3 /* InviteToken.swift */; };
		A17C829071A4C3E533A7D516 /* PushManager.swift in Sources */ = {isa = PBXBuildFile; fileRef = 7FEE393F3CBD5B0C5D48ACDC /* PushManager.swift */; };
		A58A9D263F1E4921F319B28F /* IdentityPickerView.swift in Sources */ = {isa = PBXBuildFile; fileRef = 1AB2D93100F9BA3D2C8BBD22 /* IdentityPickerView.swift */; };
		ABB54957015CF8BAA7F9AB29 /* QRCodeCameraView.swift in Sources */ = {isa = PBXBuildFile; fileRef = 6F233E23BDFE8CD9A1FA85D1 /* QRCodeCameraView.swift */; };
		B1BE1C0F66D5E81BA2BE3ED4 /* AppLog.swift in Sources */ = {isa = PBXBuildFile; fileRef = 28910BDF4DFA815CEDDA7F15 /* AppLog.swift */; };
		B514347DE5B82B23C61F63D9 /* BlockedContactsView.swift in Sources */ = {isa = PBXBuildFile; fileRef = C9F568020569E5B672851351 /* BlockedContactsView.swift */; };
		BEFA545596A58A7537E2FC2F /* DisappearingMessagesPicker.swift in Sources */ = {isa = PBXBuildFile; fileRef = 898950D798C2C5F907A2D156 /* DisappearingMessagesPicker.swift */; };
		C239EC74DDDF816075F9D6C2 /* PasskeyManager.swift in Sources */ = {isa = PBXBuildFile; fileRef = B6168BA4AD89E27656AE0A59 /* PasskeyManager.swift */; };
		C8BE5993A5A4E8838F9D0C29 /* ConversationRow.swift in Sources */ = {isa = PBXBuildFile; fileRef = C0BC2191A5A534D46806501B /* ConversationRow.swift */; };
		CB587AAF86CE72E9AFCE06E1 /* LaunchScreen.storyboard in Resources */ = {isa = PBXBuildFile; fileRef = E5E1613DCC5CA3E0E49D097E /* LaunchScreen.storyboard */; };
		CC462B8999850429242D1E9A /* IdentityDetailView.swift in Sources */ = {isa = PBXBuildFile; fileRef = 81668B961AEA3548EB74341C /* IdentityDetailView.swift */; };
		D207CDF5562018B203A934E6 /* SplashView.swift in Sources */ = {isa = PBXBuildFile; fileRef = D8CA6139805AD099FD6E40C8 /* SplashView.swift */; };
		D243E6D221D61E759D893DC6 /* AppCoreFFI.xcframework in Frameworks */ = {isa = PBXBuildFile; fileRef = 6B7C0912B10EFE68A1C776BB /* AppCoreFFI.xcframework */; };
		D3716E6E29A1BEF9424F3F79 /* ServerDetailView.swift in Sources */ = {isa = PBXBuildFile; fileRef = 26186BC45147144B3B351CCB /* ServerDetailView.swift */; };
		D9E4B5C5F5EF30326808E80D /* ActnetService.swift in Sources */ = {isa = PBXBuildFile; fileRef = 2F41810D70D78B7CB00C38FA /* ActnetService.swift */; };
		DCB3ED6719400E9479A29C98 /* ChatsView.swift in Sources */ = {isa = PBXBuildFile; fileRef = 60B3DC7CBE016789D232757D /* ChatsView.swift */; };
		DD42A62234B9DF687F2AE7BB /* AppState.swift in Sources */ = {isa = PBXBuildFile; fileRef = 94C65A994903B9410FFAC5B3 /* AppState.swift */; };
		DE9A7991ABFFACEA54D2762D /* RecoveryPhraseSetupView.swift in Sources */ = {isa = PBXBuildFile; fileRef = A034B0812F64EFB0BA5C36E6 /* RecoveryPhraseSetupView.swift */; };
		E74703FA755ACEF9C2B0DAA5 /* ComposeMessageView.swift in Sources */ = {isa = PBXBuildFile; fileRef = 77499BEF2E32D27D96CCD2F1 /* ComposeMessageView.swift */; };
		ED6FC7D997F37C6A0A85E0B9 /* Message.swift in Sources */ = {isa = PBXBuildFile; fileRef = A8B337C1C0A8BF5C7BDA6E41 /* Message.swift */; };
		EF24D30DE8AE1125CB83DB84 /* AvalancheColors.swift in Sources */ = {isa = PBXBuildFile; fileRef = 9F9630D7E7FE4B5EA6E04E6D /* AvalancheColors.swift */; };
		F190F9612C0145941313B183 /* AccountsView.swift in Sources */ = {isa = PBXBuildFile; fileRef = 7313225243535C7C945AD8D7 /* AccountsView.swift */; };
		F583E622D4499CAC0D0472FF /* MockActnetService.swift in Sources */ = {isa = PBXBuildFile; fileRef = 649CF0CE439034C4B30F81F5 /* MockActnetService.swift */; };
		FA8DF8441A2584B4F6FFFDFE /* RootView.swift in Sources */ = {isa = PBXBuildFile; fileRef = 32115C1BD46227602D3C5A71 /* RootView.swift */; };
		FCDD84F343F062EC3CA19A62 /* PublicServerInfo.swift in Sources */ = {isa = PBXBuildFile; fileRef = C7A7ADA2108567E95D845EF1 /* PublicServerInfo.swift */; };
		FE24D043CB770E44A2F5F3EE /* ConversationView.swift in Sources */ = {isa = PBXBuildFile; fileRef = 2C83A54ACCB386940D8E4689 /* ConversationView.swift */; };
/* End PBXBuildFile section */

/* Begin PBXFileReference section */
		02F784B4794651EB68CB3128 /* JoiningServerView.swift */ = {isa = PBXFileReference; lastKnownFileType = sourcecode.swift; path = JoiningServerView.swift; sourceTree = "<group>"; };
		14AE2F220E680D0CE0A5810E /* MainTabView.swift */ = {isa = PBXFileReference; lastKnownFileType = sourcecode.swift; path = MainTabView.swift; sourceTree = "<group>"; };
		1AB2D93100F9BA3D2C8BBD22 /* IdentityPickerView.swift */ = {isa = PBXFileReference; lastKnownFileType = sourcecode.swift; path = IdentityPickerView.swift; sourceTree = "<group>"; };
		1EA623B7C828F045A2E6E5C4 /* MessageBubble.swift */ = {isa = PBXFileReference; lastKnownFileType = sourcecode.swift; path = MessageBubble.swift; sourceTree = "<group>"; };
		24C15E1F4F21C7EF28ABF416 /* CutCornerRectangle.swift */ = {isa = PBXFileReference; lastKnownFileType = sourcecode.swift; path = CutCornerRectangle.swift; sourceTree = "<group>"; };
		26186BC45147144B3B351CCB /* ServerDetailView.swift */ = {isa = PBXFileReference; lastKnownFileType = sourcecode.swift; path = ServerDetailView.swift; sourceTree = "<group>"; };
		27783892A8D4D88BE570F79C /* RecoveryExplainerView.swift */ = {isa = PBXFileReference; lastKnownFileType = sourcecode.swift; path = RecoveryExplainerView.swift; sourceTree = "<group>"; };
		28910BDF4DFA815CEDDA7F15 /* AppLog.swift */ = {isa = PBXFileReference; lastKnownFileType = sourcecode.swift; path = AppLog.swift; sourceTree = "<group>"; };
		2C83A54ACCB386940D8E4689 /* ConversationView.swift */ = {isa = PBXFileReference; lastKnownFileType = sourcecode.swift; path = ConversationView.swift; sourceTree = "<group>"; };
		2D6AA10E40B490772D3A29A3 /* InviteToken.swift */ = {isa = PBXFileReference; lastKnownFileType = sourcecode.swift; path = InviteToken.swift; sourceTree = "<group>"; };
		2F41810D70D78B7CB00C38FA /* ActnetService.swift */ = {isa = PBXFileReference; lastKnownFileType = sourcecode.swift; path = ActnetService.swift; sourceTree = "<group>"; };
		32115C1BD46227602D3C5A71 /* RootView.swift */ = {isa = PBXFileReference; lastKnownFileType = sourcecode.swift; path = RootView.swift; sourceTree = "<group>"; };
		33A33BB9BDC1959B6580927C /* NewAccountView.swift */ = {isa = PBXFileReference; lastKnownFileType = sourcecode.swift; path = NewAccountView.swift; sourceTree = "<group>"; };
		4D15DEB5760B0263F833A50A /* NameGroupView.swift */ = {isa = PBXFileReference; lastKnownFileType = sourcecode.swift; path = NameGroupView.swift; sourceTree = "<group>"; };
		59A82BC1AF50974F0759EC90 /* InviteLinkEntryView.swift */ = {isa = PBXFileReference; lastKnownFileType = sourcecode.swift; path = InviteLinkEntryView.swift; sourceTree = "<group>"; };
		60B3DC7CBE016789D232757D /* ChatsView.swift */ = {isa = PBXFileReference; lastKnownFileType = sourcecode.swift; path = ChatsView.swift; sourceTree = "<group>"; };
		61ED846E5A712650DB67C893 /* Conversation.swift */ = {isa = PBXFileReference; lastKnownFileType = sourcecode.swift; path = Conversation.swift; sourceTree = "<group>"; };
		649CF0CE439034C4B30F81F5 /* MockActnetService.swift */ = {isa = PBXFileReference; lastKnownFileType = sourcecode.swift; path = MockActnetService.swift; sourceTree = "<group>"; };
		65A7BC7A36A4F6D36947106A /* ActnetApp.swift */ = {isa = PBXFileReference; lastKnownFileType = sourcecode.swift; path = ActnetApp.swift; sourceTree = "<group>"; };
		661A952A0D325A00D0F054E9 /* DevServerActnetService.swift */ = {isa = PBXFileReference; lastKnownFileType = sourcecode.swift; path = DevServerActnetService.swift; sourceTree = "<group>"; };
		6A58CC23E0AF8302F283FC87 /* Assets.xcassets */ = {isa = PBXFileReference; lastKnownFileType = folder.assetcatalog; path = Assets.xcassets; sourceTree = "<group>"; };
		6B7C0912B10EFE68A1C776BB /* AppCoreFFI.xcframework */ = {isa = PBXFileReference; lastKnownFileType = wrapper.xcframework; name = AppCoreFFI.xcframework; path = ../AppCoreFFI.xcframework; sourceTree = "<group>"; };
		6C69AF8A0D806372AF28BDA9 /* EditHistorySheet.swift */ = {isa = PBXFileReference; lastKnownFileType = sourcecode.swift; path = EditHistorySheet.swift; sourceTree = "<group>"; };
		6CBDD6DD18CF753D1B3E75B6 /* GroupDetailView.swift */ = {isa = PBXFileReference; lastKnownFileType = sourcecode.swift; path = GroupDetailView.swift; sourceTree = "<group>"; };
		6F233E23BDFE8CD9A1FA85D1 /* QRCodeCameraView.swift */ = {isa = PBXFileReference; lastKnownFileType = sourcecode.swift; path = QRCodeCameraView.swift; sourceTree = "<group>"; };
		7313225243535C7C945AD8D7 /* AccountsView.swift */ = {isa = PBXFileReference; lastKnownFileType = sourcecode.swift; path = AccountsView.swift; sourceTree = "<group>"; };
		77499BEF2E32D27D96CCD2F1 /* ComposeMessageView.swift */ = {isa = PBXFileReference; lastKnownFileType = sourcecode.swift; path = ComposeMessageView.swift; sourceTree = "<group>"; };
		7F73DF560719B0774C43444C /* RecipientTokenField.swift */ = {isa = PBXFileReference; lastKnownFileType = sourcecode.swift; path = RecipientTokenField.swift; sourceTree = "<group>"; };
		7FEE393F3CBD5B0C5D48ACDC /* PushManager.swift */ = {isa = PBXFileReference; lastKnownFileType = sourcecode.swift; path = PushManager.swift; sourceTree = "<group>"; };
		81668B961AEA3548EB74341C /* IdentityDetailView.swift */ = {isa = PBXFileReference; lastKnownFileType = sourcecode.swift; path = IdentityDetailView.swift; sourceTree = "<group>"; };
		898950D798C2C5F907A2D156 /* DisappearingMessagesPicker.swift */ = {isa = PBXFileReference; lastKnownFileType = sourcecode.swift; path = DisappearingMessagesPicker.swift; sourceTree = "<group>"; };
		8A8F652C3B8F59F3A47CB029 /* AppCoreProtocol+Defaults.swift */ = {isa = PBXFileReference; lastKnownFileType = sourcecode.swift; path = "AppCoreProtocol+Defaults.swift"; sourceTree = "<group>"; };
		8CE6D8359E844CDAC7396157 /* RecoveryKeyBanner.swift */ = {isa = PBXFileReference; lastKnownFileType = sourcecode.swift; path = RecoveryKeyBanner.swift; sourceTree = "<group>"; };
		8E8624C86E5A8D3876B5189E /* Base64URL.swift */ = {isa = PBXFileReference; lastKnownFileType = sourcecode.swift; path = Base64URL.swift; sourceTree = "<group>"; };
		9289256BE2B6AF2378B1D78D /* Hexagon.swift */ = {isa = PBXFileReference; lastKnownFileType = sourcecode.swift; path = Hexagon.swift; sourceTree = "<group>"; };
		94C65A994903B9410FFAC5B3 /* AppState.swift */ = {isa = PBXFileReference; lastKnownFileType = sourcecode.swift; path = AppState.swift; sourceTree = "<group>"; };
		96F2798F298AC0843F399CE5 /* Actnet.app */ = {isa = PBXFileReference; includeInIndex = 0; lastKnownFileType = wrapper.application; path = Actnet.app; sourceTree = BUILT_PRODUCTS_DIR; };
		9AC5E72995147ED8AD25E532 /* QRScannerView.swift */ = {isa = PBXFileReference; lastKnownFileType = sourcecode.swift; path = QRScannerView.swift; sourceTree = "<group>"; };
		9C977CCCEBCC89682DA83AC6 /* LogViewerView.swift */ = {isa = PBXFileReference; lastKnownFileType = sourcecode.swift; path = LogViewerView.swift; sourceTree = "<group>"; };
		9F9630D7E7FE4B5EA6E04E6D /* AvalancheColors.swift */ = {isa = PBXFileReference; lastKnownFileType = sourcecode.swift; path = AvalancheColors.swift; sourceTree = "<group>"; };
		A034B0812F64EFB0BA5C36E6 /* RecoveryPhraseSetupView.swift */ = {isa = PBXFileReference; lastKnownFileType = sourcecode.swift; path = RecoveryPhraseSetupView.swift; sourceTree = "<group>"; };
		A516614278B12B45D3E876E6 /* AddAccountView.swift */ = {isa = PBXFileReference; lastKnownFileType = sourcecode.swift; path = AddAccountView.swift; sourceTree = "<group>"; };
		A8B337C1C0A8BF5C7BDA6E41 /* Message.swift */ = {isa = PBXFileReference; lastKnownFileType = sourcecode.swift; path = Message.swift; sourceTree = "<group>"; };
		AA8617C28764494BD378CE66 /* NotificationPresenter.swift */ = {isa = PBXFileReference; lastKnownFileType = sourcecode.swift; path = NotificationPresenter.swift; sourceTree = "<group>"; };
		ABFC8F1B0A1B4C6564E51983 /* Account.swift */ = {isa = PBXFileReference; lastKnownFileType = sourcecode.swift; path = Account.swift; sourceTree = "<group>"; };
		B42EE451B555DFBE024236DB /* ProjectInfo.swift */ = {isa = PBXFileReference; lastKnownFileType = sourcecode.swift; path = ProjectInfo.swift; sourceTree = "<group>"; };
		B6168BA4AD89E27656AE0A59 /* PasskeyManager.swift */ = {isa = PBXFileReference; lastKnownFileType = sourcecode.swift; path = PasskeyManager.swift; sourceTree = "<group>"; };
		B6264C3F09805D88EB5983A6 /* ProjectWebView.swift */ = {isa = PBXFileReference; lastKnownFileType = sourcecode.swift; path = ProjectWebView.swift; sourceTree = "<group>"; };
		C0BC2191A5A534D46806501B /* ConversationRow.swift */ = {isa = PBXFileReference; lastKnownFileType = sourcecode.swift; path = ConversationRow.swift; sourceTree = "<group>"; };
		C175D8D86EA1A357FB1515A9 /* RecoveryConsoleView.swift */ = {isa = PBXFileReference; lastKnownFileType = sourcecode.swift; path = RecoveryConsoleView.swift; sourceTree = "<group>"; };
		C7A7ADA2108567E95D845EF1 /* PublicServerInfo.swift */ = {isa = PBXFileReference; lastKnownFileType = sourcecode.swift; path = PublicServerInfo.swift; sourceTree = "<group>"; };
		C9F568020569E5B672851351 /* BlockedContactsView.swift */ = {isa = PBXFileReference; lastKnownFileType = sourcecode.swift; path = BlockedContactsView.swift; sourceTree = "<group>"; };
		CA3B34B7A3FF40359D732B62 /* OfflineBanner.swift */ = {isa = PBXFileReference; lastKnownFileType = sourcecode.swift; path = OfflineBanner.swift; sourceTree = "<group>"; };
		D0B344D75428AFD0B731E724 /* AccountAvatar.swift */ = {isa = PBXFileReference; lastKnownFileType = sourcecode.swift; path = AccountAvatar.swift; sourceTree = "<group>"; };
		D3E414B6BFBC7FD68C41B63E /* SecureEnclaveKeyManager.swift */ = {isa = PBXFileReference; lastKnownFileType = sourcecode.swift; path = SecureEnclaveKeyManager.swift; sourceTree = "<group>"; };
		D8CA6139805AD099FD6E40C8 /* SplashView.swift */ = {isa = PBXFileReference; lastKnownFileType = sourcecode.swift; path = SplashView.swift; sourceTree = "<group>"; };
		D93902C84CDE9256ABD4CC50 /* ContactAvatar.swift */ = {isa = PBXFileReference; lastKnownFileType = sourcecode.swift; path = ContactAvatar.swift; sourceTree = "<group>"; };
		DADF188CB0F720072C71A2DF /* app_core.swift */ = {isa = PBXFileReference; lastKnownFileType = sourcecode.swift; name = app_core.swift; path = ../Generated/app_core.swift; sourceTree = "<group>"; };
		DD3B02F10A6C2E1DFFB655B9 /* PasskeyExplainerView.swift */ = {isa = PBXFileReference; lastKnownFileType = sourcecode.swift; path = PasskeyExplainerView.swift; sourceTree = "<group>"; };
		E5E1613DCC5CA3E0E49D097E /* LaunchScreen.storyboard */ = {isa = PBXFileReference; lastKnownFileType = file.storyboard; path = LaunchScreen.storyboard; sourceTree = "<group>"; };
		FDB23D99F22D6A488DD61F19 /* NetworkView.swift */ = {isa = PBXFileReference; lastKnownFileType = sourcecode.swift; path = NetworkView.swift; sourceTree = "<group>"; };
/* End PBXFileReference section */

/* Begin PBXFrameworksBuildPhase section */
		34581F70DCB12E60BD3D3761 /* Frameworks */ = {
			isa = PBXFrameworksBuildPhase;
			buildActionMask = 2147483647;
			files = (
				D243E6D221D61E759D893DC6 /* AppCoreFFI.xcframework in Frameworks */,
			);
			runOnlyForDeploymentPostprocessing = 0;
		};
/* End PBXFrameworksBuildPhase section */

/* Begin PBXGroup section */
		0509592562EDC2F8DB453AC7 /* Models */ = {
			isa = PBXGroup;
			children = (
				ABFC8F1B0A1B4C6564E51983 /* Account.swift */,
				61ED846E5A712650DB67C893 /* Conversation.swift */,
				2D6AA10E40B490772D3A29A3 /* InviteToken.swift */,
				A8B337C1C0A8BF5C7BDA6E41 /* Message.swift */,
				B42EE451B555DFBE024236DB /* ProjectInfo.swift */,
			);
			path = Models;
			sourceTree = "<group>";
		};
		06237037C4984D9D21953949 /* Services */ = {
			isa = PBXGroup;
			children = (
				2F41810D70D78B7CB00C38FA /* ActnetService.swift */,
				8A8F652C3B8F59F3A47CB029 /* AppCoreProtocol+Defaults.swift */,
				661A952A0D325A00D0F054E9 /* DevServerActnetService.swift */,
				649CF0CE439034C4B30F81F5 /* MockActnetService.swift */,
				B6168BA4AD89E27656AE0A59 /* PasskeyManager.swift */,
				C7A7ADA2108567E95D845EF1 /* PublicServerInfo.swift */,
			);
			path = Services;
			sourceTree = "<group>";
		};
		2FEC46E298F92D2DF1B84795 /* Views */ = {
			isa = PBXGroup;
			children = (
				3E11A5DB2587F144B7D53C07 /* Chats */,
				FCE9CD51137719AE8A7053E3 /* Common */,
				A2271B699E124970E6D50032 /* Network */,
				E2FA8F831739D2569615AA21 /* Onboarding */,
				DBEB222EA2EB3FCD35A3B23A /* Settings */,
			);
			path = Views;
			sourceTree = "<group>";
		};
		39BE3094B7A7CB24DEDCEAAB /* Sources */ = {
			isa = PBXGroup;
			children = (
				6A58CC23E0AF8302F283FC87 /* Assets.xcassets */,
				E5E1613DCC5CA3E0E49D097E /* LaunchScreen.storyboard */,
				F9C887C93BA0FCFBAA14EFF3 /* App */,
				0509592562EDC2F8DB453AC7 /* Models */,
				06237037C4984D9D21953949 /* Services */,
				DB6512669E0FDCE6D4686F00 /* Utils */,
				2FEC46E298F92D2DF1B84795 /* Views */,
			);
			path = Sources;
			sourceTree = "<group>";
		};
		3E11A5DB2587F144B7D53C07 /* Chats */ = {
			isa = PBXGroup;
			children = (
				60B3DC7CBE016789D232757D /* ChatsView.swift */,
				77499BEF2E32D27D96CCD2F1 /* ComposeMessageView.swift */,
				C0BC2191A5A534D46806501B /* ConversationRow.swift */,
				2C83A54ACCB386940D8E4689 /* ConversationView.swift */,
				6C69AF8A0D806372AF28BDA9 /* EditHistorySheet.swift */,
				6CBDD6DD18CF753D1B3E75B6 /* GroupDetailView.swift */,
				1EA623B7C828F045A2E6E5C4 /* MessageBubble.swift */,
				4D15DEB5760B0263F833A50A /* NameGroupView.swift */,
				7F73DF560719B0774C43444C /* RecipientTokenField.swift */,
				8CE6D8359E844CDAC7396157 /* RecoveryKeyBanner.swift */,
			);
			path = Chats;
			sourceTree = "<group>";
		};
		43772EE1E13D5DBD2BC7E2D2 = {
			isa = PBXGroup;
			children = (
				8AC128E05BC5B003628AAD00 /* Generated */,
				39BE3094B7A7CB24DEDCEAAB /* Sources */,
				EB9C5B3C2BA8B8804FF374B3 /* Frameworks */,
				53CA0E3D9349D6B0B34A9DE7 /* Products */,
			);
			sourceTree = "<group>";
		};
		53CA0E3D9349D6B0B34A9DE7 /* Products */ = {
			isa = PBXGroup;
			children = (
				96F2798F298AC0843F399CE5 /* Actnet.app */,
			);
			name = Products;
			sourceTree = "<group>";
		};
		8AC128E05BC5B003628AAD00 /* Generated */ = {
			isa = PBXGroup;
			children = (
				DADF188CB0F720072C71A2DF /* app_core.swift */,
			);
			name = Generated;
			sourceTree = "<group>";
		};
		A2271B699E124970E6D50032 /* Network */ = {
			isa = PBXGroup;
			children = (
				FDB23D99F22D6A488DD61F19 /* NetworkView.swift */,
				B6264C3F09805D88EB5983A6 /* ProjectWebView.swift */,
			);
			path = Network;
			sourceTree = "<group>";
		};
		DB6512669E0FDCE6D4686F00 /* Utils */ = {
			isa = PBXGroup;
			children = (
				28910BDF4DFA815CEDDA7F15 /* AppLog.swift */,
				9F9630D7E7FE4B5EA6E04E6D /* AvalancheColors.swift */,
				8E8624C86E5A8D3876B5189E /* Base64URL.swift */,
				D3E414B6BFBC7FD68C41B63E /* SecureEnclaveKeyManager.swift */,
			);
			path = Utils;
			sourceTree = "<group>";
		};
		DBEB222EA2EB3FCD35A3B23A /* Settings */ = {
			isa = PBXGroup;
			children = (
				7313225243535C7C945AD8D7 /* AccountsView.swift */,
				A516614278B12B45D3E876E6 /* AddAccountView.swift */,
				C9F568020569E5B672851351 /* BlockedContactsView.swift */,
				81668B961AEA3548EB74341C /* IdentityDetailView.swift */,
				26186BC45147144B3B351CCB /* ServerDetailView.swift */,
			);
			path = Settings;
			sourceTree = "<group>";
		};
		E2FA8F831739D2569615AA21 /* Onboarding */ = {
			isa = PBXGroup;
			children = (
				1AB2D93100F9BA3D2C8BBD22 /* IdentityPickerView.swift */,
				59A82BC1AF50974F0759EC90 /* InviteLinkEntryView.swift */,
				02F784B4794651EB68CB3128 /* JoiningServerView.swift */,
				33A33BB9BDC1959B6580927C /* NewAccountView.swift */,
				DD3B02F10A6C2E1DFFB655B9 /* PasskeyExplainerView.swift */,
				9AC5E72995147ED8AD25E532 /* QRScannerView.swift */,
				C175D8D86EA1A357FB1515A9 /* RecoveryConsoleView.swift */,
				27783892A8D4D88BE570F79C /* RecoveryExplainerView.swift */,
				A034B0812F64EFB0BA5C36E6 /* RecoveryPhraseSetupView.swift */,
				D8CA6139805AD099FD6E40C8 /* SplashView.swift */,
			);
			path = Onboarding;
			sourceTree = "<group>";
		};
		EB9C5B3C2BA8B8804FF374B3 /* Frameworks */ = {
			isa = PBXGroup;
			children = (
				6B7C0912B10EFE68A1C776BB /* AppCoreFFI.xcframework */,
			);
			name = Frameworks;
			sourceTree = "<group>";
		};
		F9C887C93BA0FCFBAA14EFF3 /* App */ = {
			isa = PBXGroup;
			children = (
				65A7BC7A36A4F6D36947106A /* ActnetApp.swift */,
				94C65A994903B9410FFAC5B3 /* AppState.swift */,
				AA8617C28764494BD378CE66 /* NotificationPresenter.swift */,
				7FEE393F3CBD5B0C5D48ACDC /* PushManager.swift */,
				32115C1BD46227602D3C5A71 /* RootView.swift */,
			);
			path = App;
			sourceTree = "<group>";
		};
		FCE9CD51137719AE8A7053E3 /* Common */ = {
			isa = PBXGroup;
			children = (
				D0B344D75428AFD0B731E724 /* AccountAvatar.swift */,
				D93902C84CDE9256ABD4CC50 /* ContactAvatar.swift */,
				24C15E1F4F21C7EF28ABF416 /* CutCornerRectangle.swift */,
				898950D798C2C5F907A2D156 /* DisappearingMessagesPicker.swift */,
				9289256BE2B6AF2378B1D78D /* Hexagon.swift */,
				9C977CCCEBCC89682DA83AC6 /* LogViewerView.swift */,
				14AE2F220E680D0CE0A5810E /* MainTabView.swift */,
				CA3B34B7A3FF40359D732B62 /* OfflineBanner.swift */,
				6F233E23BDFE8CD9A1FA85D1 /* QRCodeCameraView.swift */,
			);
			path = Common;
			sourceTree = "<group>";
		};
/* End PBXGroup section */

/* Begin PBXNativeTarget section */
		3DF0E036992E9A00CD6C040F /* Actnet */ = {
			isa = PBXNativeTarget;
			buildConfigurationList = 132F9643CC595A65F1FC1BC4 /* Build configuration list for PBXNativeTarget "Actnet" */;
			buildPhases = (
				197B311640F4C3B5F00D58BC /* Sources */,
				AB8A8B5F6123863EA1E3B0B4 /* Resources */,
				34581F70DCB12E60BD3D3761 /* Frameworks */,
			);
			buildRules = (
			);
			dependencies = (
			);
			name = Actnet;
			packageProductDependencies = (
			);
			productName = Actnet;
			productReference = 96F2798F298AC0843F399CE5 /* Actnet.app */;
			productType = "com.apple.product-type.application";
		};
/* End PBXNativeTarget section */

/* Begin PBXProject section */
		65800BAA4ABFF2FA2243590D /* Project object */ = {
			isa = PBXProject;
			attributes = {
				BuildIndependentTargetsInParallel = YES;
				LastUpgradeCheck = 1630;
				TargetAttributes = {
					3DF0E036992E9A00CD6C040F = {
						DevelopmentTeam = 7FVK3RR3TV;
					};
				};
			};
			buildConfigurationList = 6D53A5D82F46348C87DF63AB /* Build configuration list for PBXProject "Actnet" */;
			developmentRegion = en;
			hasScannedForEncodings = 0;
			knownRegions = (
				Base,
				en,
			);
			mainGroup = 43772EE1E13D5DBD2BC7E2D2;
			minimizedProjectReferenceProxies = 1;
			preferredProjectObjectVersion = 77;
			productRefGroup = 53CA0E3D9349D6B0B34A9DE7 /* Products */;
			projectDirPath = "";
			projectRoot = "";
			targets = (
				3DF0E036992E9A00CD6C040F /* Actnet */,
			);
		};
/* End PBXProject section */

/* Begin PBXResourcesBuildPhase section */
		AB8A8B5F6123863EA1E3B0B4 /* Resources */ = {
			isa = PBXResourcesBuildPhase;
			buildActionMask = 2147483647;
			files = (
				262245F8209C5FCBAC83E9E3 /* Assets.xcassets in Resources */,
				CB587AAF86CE72E9AFCE06E1 /* LaunchScreen.storyboard in Resources */,
			);
			runOnlyForDeploymentPostprocessing = 0;
		};
/* End PBXResourcesBuildPhase section */

/* Begin PBXSourcesBuildPhase section */
		197B311640F4C3B5F00D58BC /* Sources */ = {
			isa = PBXSourcesBuildPhase;
			buildActionMask = 2147483647;
			files = (
				90A0F6962B637B57B9D02E9F /* Account.swift in Sources */,
				1730155BC6BF8EFB66BF49D1 /* AccountAvatar.swift in Sources */,
				F190F9612C0145941313B183 /* AccountsView.swift in Sources */,
				638610176DD56586489BAF89 /* ActnetApp.swift in Sources */,
				D9E4B5C5F5EF30326808E80D /* ActnetService.swift in Sources */,
				40A41102CF36127A10602343 /* AddAccountView.swift in Sources */,
				453C9CABA749A1A2D5191AC4 /* AppCoreProtocol+Defaults.swift in Sources */,
				B1BE1C0F66D5E81BA2BE3ED4 /* AppLog.swift in Sources */,
				DD42A62234B9DF687F2AE7BB /* AppState.swift in Sources */,
				EF24D30DE8AE1125CB83DB84 /* AvalancheColors.swift in Sources */,
				835054B2BD1DA05A5F04B452 /* Base64URL.swift in Sources */,
				B514347DE5B82B23C61F63D9 /* BlockedContactsView.swift in Sources */,
				DCB3ED6719400E9479A29C98 /* ChatsView.swift in Sources */,
				E74703FA755ACEF9C2B0DAA5 /* ComposeMessageView.swift in Sources */,
				784454627F0BB442850E2F3A /* ContactAvatar.swift in Sources */,
				947A00551C7A5A62A0638A14 /* Conversation.swift in Sources */,
				C8BE5993A5A4E8838F9D0C29 /* ConversationRow.swift in Sources */,
				FE24D043CB770E44A2F5F3EE /* ConversationView.swift in Sources */,
				1626F0227BC811D82FDAE1E4 /* CutCornerRectangle.swift in Sources */,
				25BD1E1E253DCEBC39F160D4 /* DevServerActnetService.swift in Sources */,
				BEFA545596A58A7537E2FC2F /* DisappearingMessagesPicker.swift in Sources */,
				5E9CE6A936CB3EE5A7D534D1 /* EditHistorySheet.swift in Sources */,
				20F6033A948AC335C87AA56C /* GroupDetailView.swift in Sources */,
				1D2BDEE0FB41FAED5BAB86A8 /* Hexagon.swift in Sources */,
				CC462B8999850429242D1E9A /* IdentityDetailView.swift in Sources */,
				A58A9D263F1E4921F319B28F /* IdentityPickerView.swift in Sources */,
				1D538E2F9FC8D964B7923C3D /* InviteLinkEntryView.swift in Sources */,
				9A5A0F932631DA4A71A0A632 /* InviteToken.swift in Sources */,
				38FF5DFE7DB6B24A1E288616 /* JoiningServerView.swift in Sources */,
				1616C239BA7C0A5010AA5637 /* LogViewerView.swift in Sources */,
				038F7CD243E857170660F8CB /* MainTabView.swift in Sources */,
				ED6FC7D997F37C6A0A85E0B9 /* Message.swift in Sources */,
				26EE636C4263EE4CDEFD7A2D /* MessageBubble.swift in Sources */,
				F583E622D4499CAC0D0472FF /* MockActnetService.swift in Sources */,
				206951171CA6EE320DB6DC5D /* NameGroupView.swift in Sources */,
				806102B5C1375970718F64DA /* NetworkView.swift in Sources */,
				02D3B5CB514E83F202FCF801 /* NewAccountView.swift in Sources */,
				1978B11DD8685ACFA49F9E7A /* NotificationPresenter.swift in Sources */,
				334E3786A6BC33EACAA8274F /* OfflineBanner.swift in Sources */,
				8507FF41B757A3F39D78BA55 /* PasskeyExplainerView.swift in Sources */,
				C239EC74DDDF816075F9D6C2 /* PasskeyManager.swift in Sources */,
				32CE74DAA7C93CB87BEDAD15 /* ProjectInfo.swift in Sources */,
				766032ADCE0724DBF99B68F5 /* ProjectWebView.swift in Sources */,
				FCDD84F343F062EC3CA19A62 /* PublicServerInfo.swift in Sources */,
				A17C829071A4C3E533A7D516 /* PushManager.swift in Sources */,
				ABB54957015CF8BAA7F9AB29 /* QRCodeCameraView.swift in Sources */,
				13FCAE87ED7268E63190039B /* QRScannerView.swift in Sources */,
				7DDC6BBA08823F4AE108F858 /* RecipientTokenField.swift in Sources */,
				99FD87ED3F4EB328193828FF /* RecoveryConsoleView.swift in Sources */,
				6C9898720C9563E270D15E23 /* RecoveryExplainerView.swift in Sources */,
				5E07B0FD87D07465DAB28703 /* RecoveryKeyBanner.swift in Sources */,
				DE9A7991ABFFACEA54D2762D /* RecoveryPhraseSetupView.swift in Sources */,
				FA8DF8441A2584B4F6FFFDFE /* RootView.swift in Sources */,
				3C45CC65E3C39FE080399694 /* SecureEnclaveKeyManager.swift in Sources */,
				D3716E6E29A1BEF9424F3F79 /* ServerDetailView.swift in Sources */,
				D207CDF5562018B203A934E6 /* SplashView.swift in Sources */,
				3E096A5CEAF5136996B05DB3 /* app_core.swift in Sources */,
			);
			runOnlyForDeploymentPostprocessing = 0;
		};
/* End PBXSourcesBuildPhase section */

/* Begin XCBuildConfiguration section */
		0C3E51767457D96907FC254E /* Debug */ = {
			isa = XCBuildConfiguration;
			buildSettings = {
				APS_ENVIRONMENT = development;
				ASSETCATALOG_COMPILER_APPICON_NAME = AppIcon;
				CODE_SIGN_ENTITLEMENTS = Actnet.entitlements;
				CODE_SIGN_IDENTITY = "iPhone Developer";
				CURRENT_PROJECT_VERSION = 358;
				DEVELOPMENT_TEAM = 7FVK3RR3TV;
				"EXCLUDED_ARCHS[sdk=iphonesimulator*]" = x86_64;
				FRAMEWORK_SEARCH_PATHS = (
					"$(inherited)",
					"\"..\"",
				);
				GENERATE_INFOPLIST_FILE = YES;
				INFOPLIST_FILE = Info.Debug.plist;
				INFOPLIST_KEY_CFBundleDisplayName = Avalanche;
				INFOPLIST_KEY_CFBundleName = Avalanche;
				INFOPLIST_KEY_ITSAppUsesNonExemptEncryption = NO;
				INFOPLIST_KEY_NSCameraUsageDescription = "Avalanche needs camera access to scan invite QR codes.";
				INFOPLIST_KEY_UIApplicationSceneManifest_Generation = YES;
				INFOPLIST_KEY_UILaunchStoryboardName = LaunchScreen;
				INFOPLIST_KEY_UISupportedInterfaceOrientations_iPad = "UIInterfaceOrientationPortrait UIInterfaceOrientationPortraitUpsideDown UIInterfaceOrientationLandscapeLeft UIInterfaceOrientationLandscapeRight";
				INFOPLIST_KEY_UISupportedInterfaceOrientations_iPhone = UIInterfaceOrientationPortrait;
				LD_RUNPATH_SEARCH_PATHS = (
					"$(inherited)",
					"@executable_path/Frameworks",
				);
				MARKETING_VERSION = 0.2.5;
				PRODUCT_BUNDLE_IDENTIFIER = net.theavalanche.app;
				RELAY_URL = "https://relay.theavalanche.net";
				SDKROOT = iphoneos;
				SWIFT_VERSION = 6.0;
				TARGETED_DEVICE_FAMILY = "1,2";
			};
			name = Debug;
		};
		7971CC0DEB538F715D4404F8 /* Debug */ = {
			isa = XCBuildConfiguration;
			buildSettings = {
				ALWAYS_SEARCH_USER_PATHS = NO;
				CLANG_ANALYZER_NONNULL = YES;
				CLANG_ANALYZER_NUMBER_OBJECT_CONVERSION = YES_AGGRESSIVE;
				CLANG_CXX_LANGUAGE_STANDARD = "gnu++14";
				CLANG_CXX_LIBRARY = "libc++";
				CLANG_ENABLE_MODULES = YES;
				CLANG_ENABLE_OBJC_ARC = YES;
				CLANG_ENABLE_OBJC_WEAK = YES;
				CLANG_WARN_BLOCK_CAPTURE_AUTORELEASING = YES;
				CLANG_WARN_BOOL_CONVERSION = YES;
				CLANG_WARN_COMMA = YES;
				CLANG_WARN_CONSTANT_CONVERSION = YES;
				CLANG_WARN_DEPRECATED_OBJC_IMPLEMENTATIONS = YES;
				CLANG_WARN_DIRECT_OBJC_ISA_USAGE = YES_ERROR;
				CLANG_WARN_DOCUMENTATION_COMMENTS = YES;
				CLANG_WARN_EMPTY_BODY = YES;
				CLANG_WARN_ENUM_CONVERSION = YES;
				CLANG_WARN_INFINITE_RECURSION = YES;
				CLANG_WARN_INT_CONVERSION = YES;
				CLANG_WARN_NON_LITERAL_NULL_CONVERSION = YES;
				CLANG_WARN_OBJC_IMPLICIT_RETAIN_SELF = YES;
				CLANG_WARN_OBJC_LITERAL_CONVERSION = YES;
				CLANG_WARN_OBJC_ROOT_CLASS = YES_ERROR;
				CLANG_WARN_QUOTED_INCLUDE_IN_FRAMEWORK_HEADER = YES;
				CLANG_WARN_RANGE_LOOP_ANALYSIS = YES;
				CLANG_WARN_STRICT_PROTOTYPES = YES;
				CLANG_WARN_SUSPICIOUS_MOVE = YES;
				CLANG_WARN_UNGUARDED_AVAILABILITY = YES_AGGRESSIVE;
				CLANG_WARN_UNREACHABLE_CODE = YES;
				CLANG_WARN__DUPLICATE_METHOD_MATCH = YES;
				COPY_PHASE_STRIP = NO;
				DEBUG_INFORMATION_FORMAT = dwarf;
				ENABLE_STRICT_OBJC_MSGSEND = YES;
				ENABLE_TESTABILITY = YES;
				GCC_C_LANGUAGE_STANDARD = gnu11;
				GCC_DYNAMIC_NO_PIC = NO;
				GCC_NO_COMMON_BLOCKS = YES;
				GCC_OPTIMIZATION_LEVEL = 0;
				GCC_PREPROCESSOR_DEFINITIONS = (
					"$(inherited)",
					"DEBUG=1",
				);
				GCC_WARN_64_TO_32_BIT_CONVERSION = YES;
				GCC_WARN_ABOUT_RETURN_TYPE = YES_ERROR;
				GCC_WARN_UNDECLARED_SELECTOR = YES;
				GCC_WARN_UNINITIALIZED_AUTOS = YES_AGGRESSIVE;
				GCC_WARN_UNUSED_FUNCTION = YES;
				GCC_WARN_UNUSED_VARIABLE = YES;
				IPHONEOS_DEPLOYMENT_TARGET = 18.0;
				MTL_ENABLE_DEBUG_INFO = INCLUDE_SOURCE;
				MTL_FAST_MATH = YES;
				ONLY_ACTIVE_ARCH = YES;
				PRODUCT_NAME = "$(TARGET_NAME)";
				SDKROOT = iphoneos;
				SWIFT_ACTIVE_COMPILATION_CONDITIONS = DEBUG;
				SWIFT_OPTIMIZATION_LEVEL = "-Onone";
				SWIFT_VERSION = 5.0;
			};
			name = Debug;
		};
		CC8D632C6ABB551C4F69F73E /* Release */ = {
			isa = XCBuildConfiguration;
			buildSettings = {
				ALWAYS_SEARCH_USER_PATHS = NO;
				CLANG_ANALYZER_NONNULL = YES;
				CLANG_ANALYZER_NUMBER_OBJECT_CONVERSION = YES_AGGRESSIVE;
				CLANG_CXX_LANGUAGE_STANDARD = "gnu++14";
				CLANG_CXX_LIBRARY = "libc++";
				CLANG_ENABLE_MODULES = YES;
				CLANG_ENABLE_OBJC_ARC = YES;
				CLANG_ENABLE_OBJC_WEAK = YES;
				CLANG_WARN_BLOCK_CAPTURE_AUTORELEASING = YES;
				CLANG_WARN_BOOL_CONVERSION = YES;
				CLANG_WARN_COMMA = YES;
				CLANG_WARN_CONSTANT_CONVERSION = YES;
				CLANG_WARN_DEPRECATED_OBJC_IMPLEMENTATIONS = YES;
				CLANG_WARN_DIRECT_OBJC_ISA_USAGE = YES_ERROR;
				CLANG_WARN_DOCUMENTATION_COMMENTS = YES;
				CLANG_WARN_EMPTY_BODY = YES;
				CLANG_WARN_ENUM_CONVERSION = YES;
				CLANG_WARN_INFINITE_RECURSION = YES;
				CLANG_WARN_INT_CONVERSION = YES;
				CLANG_WARN_NON_LITERAL_NULL_CONVERSION = YES;
				CLANG_WARN_OBJC_IMPLICIT_RETAIN_SELF = YES;
				CLANG_WARN_OBJC_LITERAL_CONVERSION = YES;
				CLANG_WARN_OBJC_ROOT_CLASS = YES_ERROR;
				CLANG_WARN_QUOTED_INCLUDE_IN_FRAMEWORK_HEADER = YES;
				CLANG_WARN_RANGE_LOOP_ANALYSIS = YES;
				CLANG_WARN_STRICT_PROTOTYPES = YES;
				CLANG_WARN_SUSPICIOUS_MOVE = YES;
				CLANG_WARN_UNGUARDED_AVAILABILITY = YES_AGGRESSIVE;
				CLANG_WARN_UNREACHABLE_CODE = YES;
				CLANG_WARN__DUPLICATE_METHOD_MATCH = YES;
				COPY_PHASE_STRIP = NO;
				DEBUG_INFORMATION_FORMAT = "dwarf-with-dsym";
				ENABLE_NS_ASSERTIONS = NO;
				ENABLE_STRICT_OBJC_MSGSEND = YES;
				GCC_C_LANGUAGE_STANDARD = gnu11;
				GCC_NO_COMMON_BLOCKS = YES;
				GCC_WARN_64_TO_32_BIT_CONVERSION = YES;
				GCC_WARN_ABOUT_RETURN_TYPE = YES_ERROR;
				GCC_WARN_UNDECLARED_SELECTOR = YES;
				GCC_WARN_UNINITIALIZED_AUTOS = YES_AGGRESSIVE;
				GCC_WARN_UNUSED_FUNCTION = YES;
				GCC_WARN_UNUSED_VARIABLE = YES;
				IPHONEOS_DEPLOYMENT_TARGET = 18.0;
				MTL_ENABLE_DEBUG_INFO = NO;
				MTL_FAST_MATH = YES;
				PRODUCT_NAME = "$(TARGET_NAME)";
				SDKROOT = iphoneos;
				SWIFT_COMPILATION_MODE = wholemodule;
				SWIFT_OPTIMIZATION_LEVEL = "-O";
				SWIFT_VERSION = 5.0;
			};
			name = Release;
		};
		F587ED24BF507B9DFA37DB0D /* Release */ = {
			isa = XCBuildConfiguration;
			buildSettings = {
				APS_ENVIRONMENT = production;
				ASSETCATALOG_COMPILER_APPICON_NAME = AppIcon;
				CODE_SIGN_ENTITLEMENTS = Actnet.entitlements;
				CODE_SIGN_IDENTITY = "iPhone Developer";
				CURRENT_PROJECT_VERSION = 358;
				DEVELOPMENT_TEAM = 7FVK3RR3TV;
				"EXCLUDED_ARCHS[sdk=iphonesimulator*]" = x86_64;
				FRAMEWORK_SEARCH_PATHS = (
					"$(inherited)",
					"\"..\"",
				);
				GENERATE_INFOPLIST_FILE = YES;
				INFOPLIST_FILE = Info.Release.plist;
				INFOPLIST_KEY_CFBundleDisplayName = Avalanche;
				INFOPLIST_KEY_CFBundleName = Avalanche;
				INFOPLIST_KEY_ITSAppUsesNonExemptEncryption = NO;
				INFOPLIST_KEY_NSCameraUsageDescription = "Avalanche needs camera access to scan invite QR codes.";
				INFOPLIST_KEY_UIApplicationSceneManifest_Generation = YES;
				INFOPLIST_KEY_UILaunchStoryboardName = LaunchScreen;
				INFOPLIST_KEY_UISupportedInterfaceOrientations_iPad = "UIInterfaceOrientationPortrait UIInterfaceOrientationPortraitUpsideDown UIInterfaceOrientationLandscapeLeft UIInterfaceOrientationLandscapeRight";
				INFOPLIST_KEY_UISupportedInterfaceOrientations_iPhone = UIInterfaceOrientationPortrait;
				LD_RUNPATH_SEARCH_PATHS = (
					"$(inherited)",
					"@executable_path/Frameworks",
				);
				MARKETING_VERSION = 0.2.5;
				PRODUCT_BUNDLE_IDENTIFIER = net.theavalanche.app;
				RELAY_URL = "https://relay.theavalanche.net";
				SDKROOT = iphoneos;
				SWIFT_OPTIMIZATION_LEVEL = "-O";
				SWIFT_VERSION = 6.0;
				TARGETED_DEVICE_FAMILY = "1,2";
			};
			name = Release;
		};
/* End XCBuildConfiguration section */

/* Begin XCConfigurationList section */
		132F9643CC595A65F1FC1BC4 /* Build configuration list for PBXNativeTarget "Actnet" */ = {
			isa = XCConfigurationList;
			buildConfigurations = (
				0C3E51767457D96907FC254E /* Debug */,
				F587ED24BF507B9DFA37DB0D /* Release */,
			);
			defaultConfigurationIsVisible = 0;
			defaultConfigurationName = Debug;
		};
		6D53A5D82F46348C87DF63AB /* Build configuration list for PBXProject "Actnet" */ = {
			isa = XCConfigurationList;
			buildConfigurations = (
				7971CC0DEB538F715D4404F8 /* Debug */,
				CC8D632C6ABB551C4F69F73E /* Release */,
			);
			defaultConfigurationIsVisible = 0;
			defaultConfigurationName = Debug;
		};
/* End XCConfigurationList section */
	};
	rootObject = 65800BAA4ABFF2FA2243590D /* Project object */;
}
